{
  "name": "adn",
  "version": "1.0.0",
  "lockfileVersion": 3,
  "requires": true,
  "packages": {
    "": {
      "name": "adn",
      "version": "1.0.0",
      "license": "MIT",
      "devDependencies": {
        "concurrently": "^9.0.1",
        "electron": "^35.1.4",
        "electron-builder": "^24.13.3",
        "vite": "^6.3.2",
        "wait-on": "^8.0.3"
      }
    }
  }
}
